
Microsoft Visual Studio Solution File, Format Version 12.00
# Visual Studio Version 17
VisualStudioVersion = 17.8.34511.84
MinimumVisualStudioVersion = 10.0.40219.1
Project("{FAE04EC0-301F-11D3-BF4B-00C04F79EFBC}") = "KostasKatsinas.Portfolio", "KostasKatsinas.Portfolio\KostasKatsinas.Portfolio.csproj", "{377EF3C4-D740-4FD9-81B1-0DB7CFB74C77}"
EndProject
Global
	GlobalSection(SolutionConfigurationPlatforms) = preSolution
		Debug|Any CPU = Debug|Any CPU
		Release|Any CPU = Release|Any CPU
	EndGlobalSection
	GlobalSection(ProjectConfigurationPlatforms) = postSolution
		{377EF3C4-D740-4FD9-81B1-0DB7CFB74C77}.Debug|Any CPU.ActiveCfg = Debug|Any CPU
		{377EF3C4-D740-4FD9-81B1-0DB7CFB74C77}.Debug|Any CPU.Build.0 = Debug|Any CPU
		{377EF3C4-D740-4FD9-81B1-0DB7CFB74C77}.Release|Any CPU.ActiveCfg = Release|Any CPU
		{377EF3C4-D740-4FD9-81B1-0DB7CFB74C77}.Release|Any CPU.Build.0 = Release|Any CPU
	EndGlobalSection
	GlobalSection(SolutionProperties) = preSolution
		HideSolutionNode = FALSE
	EndGlobalSection
	GlobalSection(ExtensibilityGlobals) = postSolution
		SolutionGuid = {930BB6CA-5678-4DD9-B06B-B0270FC219B1}
	EndGlobalSection
EndGlobal
